Microsoft Visual Studio Solution File, Format Version 12.00
# Visual Studio Version 17
VisualStudioVersion = 17.10.35027.167
MinimumVisualStudioVersion = 10.0.40219.1
Project("{FAE04EC0-301F-11D3-BF4B-00C04F79EFBC}") = "Community.PowerToys.Run.Plugin.HttpStatusCodes", "Community.PowerToys.Run.Plugin.HttpStatusCodes\Community.PowerToys.Run.Plugin.HttpStatusCodes.csproj", "{42D4374E-8084-4541-9893-60759138875D}"
EndProject
Project("{FAE04EC0-301F-11D3-BF4B-00C04F79EFBC}") = "Community.PowerToys.Run.Plugin.HttpStatusCodes.UnitTests", "Community.PowerToys.Run.Plugin.HttpStatusCodes.UnitTests\Community.PowerToys.Run.Plugin.HttpStatusCodes.UnitTests.csproj", "{33CAB7FE-2DD6-4625-9134-77D55F97F1E5}"
EndProject
Global
	GlobalSection(SolutionConfigurationPlatforms) = preSolution
		Debug|ARM64 = Debug|ARM64
		Debug|x64 = Debug|x64
		Release|ARM64 = Release|ARM64
		Release|x64 = Release|x64
	EndGlobalSection
	GlobalSection(ProjectConfigurationPlatforms) = postSolution
		{42D4374E-8084-4541-9893-60759138875D}.Debug|ARM64.ActiveCfg = Debug|ARM64
		{42D4374E-8084-4541-9893-60759138875D}.Debug|ARM64.Build.0 = Debug|ARM64
		{42D4374E-8084-4541-9893-60759138875D}.Debug|x64.ActiveCfg = Debug|x64
		{42D4374E-8084-4541-9893-60759138875D}.Debug|x64.Build.0 = Debug|x64
		{42D4374E-8084-4541-9893-60759138875D}.Release|ARM64.ActiveCfg = Release|ARM64
		{42D4374E-8084-4541-9893-60759138875D}.Release|ARM64.Build.0 = Release|ARM64
		{42D4374E-8084-4541-9893-60759138875D}.Release|x64.ActiveCfg = Release|x64
		{42D4374E-8084-4541-9893-60759138875D}.Release|x64.Build.0 = Release|x64
		{33CAB7FE-2DD6-4625-9134-77D55F97F1E5}.Debug|ARM64.ActiveCfg = Debug|ARM64
		{33CAB7FE-2DD6-4625-9134-77D55F97F1E5}.Debug|ARM64.Build.0 = Debug|ARM64
		{33CAB7FE-2DD6-4625-9134-77D55F97F1E5}.Debug|x64.ActiveCfg = Debug|x64
		{33CAB7FE-2DD6-4625-9134-77D55F97F1E5}.Debug|x64.Build.0 = Debug|x64
		{33CAB7FE-2DD6-4625-9134-77D55F97F1E5}.Release|ARM64.ActiveCfg = Release|ARM64
		{33CAB7FE-2DD6-4625-9134-77D55F97F1E5}.Release|ARM64.Build.0 = Release|ARM64
		{33CAB7FE-2DD6-4625-9134-77D55F97F1E5}.Release|x64.ActiveCfg = Release|x64
		{33CAB7FE-2DD6-4625-9134-77D55F97F1E5}.Release|x64.Build.0 = Release|x64
	EndGlobalSection
	GlobalSection(SolutionProperties) = preSolution
		HideSolutionNode = FALSE
	EndGlobalSection
	GlobalSection(ExtensibilityGlobals) = postSolution
		SolutionGuid = {A92F02E6-409B-4D5B-BC53-5F376A3FB3B3}
	EndGlobalSection
EndGlobal
